
Microsoft Visual Studio Solution File, Format Version 12.00
# Visual Studio Version 17
VisualStudioVersion = 17.3.32819.101
MinimumVisualStudioVersion = 10.0.40219.1
Project("{FAE04EC0-301F-11D3-BF4B-00C04F79EFBC}") = "PickACardUI", "PickACardUI\PickACardUI.csproj", "{E9071DD5-77BD-4BC0-A2D0-1D20C2E1B24A}"
EndProject
Global
	GlobalSection(SolutionConfigurationPlatforms) = preSolution
		Debug|Any CPU = Debug|Any CPU
		Release|Any CPU = Release|Any CPU
	EndGlobalSection
	GlobalSection(ProjectConfigurationPlatforms) = postSolution
		{E9071DD5-77BD-4BC0-A2D0-1D20C2E1B24A}.Debug|Any CPU.ActiveCfg = Debug|Any CPU
		{E9071DD5-77BD-4BC0-A2D0-1D20C2E1B24A}.Debug|Any CPU.Build.0 = Debug|Any CPU
		{E9071DD5-77BD-4BC0-A2D0-1D20C2E1B24A}.Release|Any CPU.ActiveCfg = Release|Any CPU
		{E9071DD5-77BD-4BC0-A2D0-1D20C2E1B24A}.Release|Any CPU.Build.0 = Release|Any CPU
	EndGlobalSection
	GlobalSection(SolutionProperties) = preSolution
		HideSolutionNode = FALSE
	EndGlobalSection
	GlobalSection(ExtensibilityGlobals) = postSolution
		SolutionGuid = {0DD1EFBE-1205-4D33-BA43-A6E30E357915}
	EndGlobalSection
EndGlobal
